
Microsoft Visual Studio Solution File, Format Version 12.00
# Visual Studio 15
VisualStudioVersion = 15.0.28307.421
MinimumVisualStudioVersion = 10.0.40219.1
Project("{FAE04EC0-301F-11D3-BF4B-00C04F79EFBC}") = "Database_GUI", "Database_GUI\Database_GUI.csproj", "{DE1A5860-A4AF-4436-BE87-F0571EDB9785}"
EndProject
Global
	GlobalSection(SolutionConfigurationPlatforms) = preSolution
		Debug|Any CPU = Debug|Any CPU
		Release|Any CPU = Release|Any CPU
	EndGlobalSection
	GlobalSection(ProjectConfigurationPlatforms) = postSolution
		{DE1A5860-A4AF-4436-BE87-F0571EDB9785}.Debug|Any CPU.ActiveCfg = Debug|Any CPU
		{DE1A5860-A4AF-4436-BE87-F0571EDB9785}.Debug|Any CPU.Build.0 = Debug|Any CPU
		{DE1A5860-A4AF-4436-BE87-F0571EDB9785}.Release|Any CPU.ActiveCfg = Release|Any CPU
		{DE1A5860-A4AF-4436-BE87-F0571EDB9785}.Release|Any CPU.Build.0 = Release|Any CPU
	EndGlobalSection
	GlobalSection(SolutionProperties) = preSolution
		HideSolutionNode = FALSE
	EndGlobalSection
	GlobalSection(ExtensibilityGlobals) = postSolution
		SolutionGuid = {6040F7B2-CE54-4446-8702-94513FEE02B0}
	EndGlobalSection
EndGlobal
